
Microsoft Visual Studio Solution File, Format Version 12.00
# Visual Studio Version 16
VisualStudioVersion = 16.0.30104.148
MinimumVisualStudioVersion = 10.0.40219.1
Project("{FAE04EC0-301F-11D3-BF4B-00C04F79EFBC}") = "HW16API", "HW16API\HW16API.csproj", "{1FA83A47-BCE4-4791-BA5C-A9ACAC3BC353}"
EndProject
Global
	GlobalSection(SolutionConfigurationPlatforms) = preSolution
		Debug|Any CPU = Debug|Any CPU
		Release|Any CPU = Release|Any CPU
	EndGlobalSection
	GlobalSection(ProjectConfigurationPlatforms) = postSolution
		{1FA83A47-BCE4-4791-BA5C-A9ACAC3BC353}.Debug|Any CPU.ActiveCfg = Debug|Any CPU
		{1FA83A47-BCE4-4791-BA5C-A9ACAC3BC353}.Debug|Any CPU.Build.0 = Debug|Any CPU
		{1FA83A47-BCE4-4791-BA5C-A9ACAC3BC353}.Release|Any CPU.ActiveCfg = Release|Any CPU
		{1FA83A47-BCE4-4791-BA5C-A9ACAC3BC353}.Release|Any CPU.Build.0 = Release|Any CPU
	EndGlobalSection
	GlobalSection(SolutionProperties) = preSolution
		HideSolutionNode = FALSE
	EndGlobalSection
	GlobalSection(ExtensibilityGlobals) = postSolution
		SolutionGuid = {1884A9EA-4805-4ECD-9F0F-BD0FA282285F}
	EndGlobalSection
EndGlobal
